
Microsoft Visual Studio Solution File, Format Version 12.00
# Visual Studio Version 16
VisualStudioVersion = 16.0.29519.181
MinimumVisualStudioVersion = 10.0.40219.1
Project("{FAE04EC0-301F-11D3-BF4B-00C04F79EFBC}") = "STSH_OCR", "STSH_OCR.csproj", "{44E5BE96-A3CF-41E5-A26D-BF616CA24111}"
EndProject
Project("{FAE04EC0-301F-11D3-BF4B-00C04F79EFBC}") = "STSH_FAX", "..\STS_FAX\STSH_FAX.csproj", "{6F99C82E-BF50-4EE7-9A33-91D063475BD9}"
EndProject
Project("{54435603-DBB4-11D2-8724-00A0C9A8B90C}") = "Setup1", "..\Setup1\Setup1.vdproj", "{BC3729F4-B3B4-4F48-8450-6EFB1A5AB051}"
EndProject
Global
	GlobalSection(SolutionConfigurationPlatforms) = preSolution
		Debug|Any CPU = Debug|Any CPU
		Debug|x86 = Debug|x86
		Release|Any CPU = Release|Any CPU
		Release|x86 = Release|x86
	EndGlobalSection
	GlobalSection(ProjectConfigurationPlatforms) = postSolution
		{44E5BE96-A3CF-41E5-A26D-BF616CA24111}.Debug|Any CPU.ActiveCfg = Debug|Any CPU
		{44E5BE96-A3CF-41E5-A26D-BF616CA24111}.Debug|Any CPU.Build.0 = Debug|Any CPU
		{44E5BE96-A3CF-41E5-A26D-BF616CA24111}.Debug|x86.ActiveCfg = Debug|x86
		{44E5BE96-A3CF-41E5-A26D-BF616CA24111}.Debug|x86.Build.0 = Debug|x86
		{44E5BE96-A3CF-41E5-A26D-BF616CA24111}.Release|Any CPU.ActiveCfg = Release|Any CPU
		{44E5BE96-A3CF-41E5-A26D-BF616CA24111}.Release|Any CPU.Build.0 = Release|Any CPU
		{44E5BE96-A3CF-41E5-A26D-BF616CA24111}.Release|x86.ActiveCfg = Release|x86
		{44E5BE96-A3CF-41E5-A26D-BF616CA24111}.Release|x86.Build.0 = Release|x86
		{6F99C82E-BF50-4EE7-9A33-91D063475BD9}.Debug|Any CPU.ActiveCfg = Debug|Any CPU
		{6F99C82E-BF50-4EE7-9A33-91D063475BD9}.Debug|Any CPU.Build.0 = Debug|Any CPU
		{6F99C82E-BF50-4EE7-9A33-91D063475BD9}.Debug|x86.ActiveCfg = Debug|Any CPU
		{6F99C82E-BF50-4EE7-9A33-91D063475BD9}.Debug|x86.Build.0 = Debug|Any CPU
		{6F99C82E-BF50-4EE7-9A33-91D063475BD9}.Release|Any CPU.ActiveCfg = Release|Any CPU
		{6F99C82E-BF50-4EE7-9A33-91D063475BD9}.Release|Any CPU.Build.0 = Release|Any CPU
		{6F99C82E-BF50-4EE7-9A33-91D063475BD9}.Release|x86.ActiveCfg = Release|Any CPU
		{6F99C82E-BF50-4EE7-9A33-91D063475BD9}.Release|x86.Build.0 = Release|Any CPU
		{BC3729F4-B3B4-4F48-8450-6EFB1A5AB051}.Debug|Any CPU.ActiveCfg = Debug
		{BC3729F4-B3B4-4F48-8450-6EFB1A5AB051}.Debug|x86.ActiveCfg = Debug
		{BC3729F4-B3B4-4F48-8450-6EFB1A5AB051}.Release|Any CPU.ActiveCfg = Release
		{BC3729F4-B3B4-4F48-8450-6EFB1A5AB051}.Release|x86.ActiveCfg = Release
	EndGlobalSection
	GlobalSection(SolutionProperties) = preSolution
		HideSolutionNode = FALSE
	EndGlobalSection
	GlobalSection(ExtensibilityGlobals) = postSolution
		SolutionGuid = {0A23B0E4-CBE0-4667-A863-1D0D57C1909E}
	EndGlobalSection
EndGlobal
